
Microsoft Visual Studio Solution File, Format Version 12.00
# Visual Studio Version 16
VisualStudioVersion = 16.0.29806.167
MinimumVisualStudioVersion = 10.0.40219.1
Project("{FAE04EC0-301F-11D3-BF4B-00C04F79EFBC}") = "Lab_6_2_OOP", "Lab_6_2_OOP\Lab_6_2_OOP.csproj", "{14DA7C5F-080F-4B90-A68B-CB7B2865FD3A}"
EndProject
Project("{2150E333-8FDC-42A3-9474-1A3956D46DE8}") = "Solution Items", "Solution Items", "{C5C734B2-0115-44D5-A7A5-6270450CE9CE}"
	ProjectSection(SolutionItems) = preProject
		.travis.yml = .travis.yml
	EndProjectSection
EndProject
Global
	GlobalSection(SolutionConfigurationPlatforms) = preSolution
		Debug|Any CPU = Debug|Any CPU
		Release|Any CPU = Release|Any CPU
	EndGlobalSection
	GlobalSection(ProjectConfigurationPlatforms) = postSolution
		{14DA7C5F-080F-4B90-A68B-CB7B2865FD3A}.Debug|Any CPU.ActiveCfg = Debug|Any CPU
		{14DA7C5F-080F-4B90-A68B-CB7B2865FD3A}.Debug|Any CPU.Build.0 = Debug|Any CPU
		{14DA7C5F-080F-4B90-A68B-CB7B2865FD3A}.Release|Any CPU.ActiveCfg = Release|Any CPU
		{14DA7C5F-080F-4B90-A68B-CB7B2865FD3A}.Release|Any CPU.Build.0 = Release|Any CPU
	EndGlobalSection
	GlobalSection(SolutionProperties) = preSolution
		HideSolutionNode = FALSE
	EndGlobalSection
	GlobalSection(ExtensibilityGlobals) = postSolution
		SolutionGuid = {2A96FD92-2B37-4EDB-9A71-DEC99CAE4F0E}
	EndGlobalSection
EndGlobal
